
Microsoft Visual Studio Solution File, Format Version 12.00
# Visual Studio Version 16
VisualStudioVersion = 16.0.31624.102
MinimumVisualStudioVersion = 10.0.40219.1
Project("{9A19103F-16F7-4668-BE54-9A1E7A4F7556}") = "FileManager", "FileManager\FileManager.csproj", "{8B2E4EA5-B541-45AB-AD40-119AB51DF02C}"
EndProject
Project("{9A19103F-16F7-4668-BE54-9A1E7A4F7556}") = "BLL", "BLL\BLL.csproj", "{17947AD4-B642-442D-81C3-EBB7FC013A9A}"
EndProject
Project("{FAE04EC0-301F-11D3-BF4B-00C04F79EFBC}") = "UnitTests", "UnitTests\UnitTests.csproj", "{C9DC326C-F59B-476F-BAFF-0F57E11DF997}"
EndProject
Global
	GlobalSection(SolutionConfigurationPlatforms) = preSolution
		Debug|Any CPU = Debug|Any CPU
		Release|Any CPU = Release|Any CPU
	EndGlobalSection
	GlobalSection(ProjectConfigurationPlatforms) = postSolution
		{8B2E4EA5-B541-45AB-AD40-119AB51DF02C}.Debug|Any CPU.ActiveCfg = Debug|Any CPU
		{8B2E4EA5-B541-45AB-AD40-119AB51DF02C}.Debug|Any CPU.Build.0 = Debug|Any CPU
		{8B2E4EA5-B541-45AB-AD40-119AB51DF02C}.Release|Any CPU.ActiveCfg = Release|Any CPU
		{8B2E4EA5-B541-45AB-AD40-119AB51DF02C}.Release|Any CPU.Build.0 = Release|Any CPU
		{17947AD4-B642-442D-81C3-EBB7FC013A9A}.Debug|Any CPU.ActiveCfg = Debug|Any CPU
		{17947AD4-B642-442D-81C3-EBB7FC013A9A}.Debug|Any CPU.Build.0 = Debug|Any CPU
		{17947AD4-B642-442D-81C3-EBB7FC013A9A}.Release|Any CPU.ActiveCfg = Release|Any CPU
		{17947AD4-B642-442D-81C3-EBB7FC013A9A}.Release|Any CPU.Build.0 = Release|Any CPU
		{C9DC326C-F59B-476F-BAFF-0F57E11DF997}.Debug|Any CPU.ActiveCfg = Debug|Any CPU
		{C9DC326C-F59B-476F-BAFF-0F57E11DF997}.Debug|Any CPU.Build.0 = Debug|Any CPU
		{C9DC326C-F59B-476F-BAFF-0F57E11DF997}.Release|Any CPU.ActiveCfg = Release|Any CPU
		{C9DC326C-F59B-476F-BAFF-0F57E11DF997}.Release|Any CPU.Build.0 = Release|Any CPU
	EndGlobalSection
	GlobalSection(SolutionProperties) = preSolution
		HideSolutionNode = FALSE
	EndGlobalSection
	GlobalSection(ExtensibilityGlobals) = postSolution
		SolutionGuid = {28F63735-C9B4-4E1B-A1D9-9FBA7DC70A81}
	EndGlobalSection
EndGlobal
